
Microsoft Visual Studio Solution File, Format Version 12.00
# Visual Studio Version 17
VisualStudioVersion = 17.5.33530.505
MinimumVisualStudioVersion = 10.0.40219.1
Project("{FAE04EC0-301F-11D3-BF4B-00C04F79EFBC}") = "ScreeSound-Api", "ScreeSound-Api\ScreeSound-Api.csproj", "{F3395275-5480-4919-9342-370AA14733C3}"
EndProject
Global
	GlobalSection(SolutionConfigurationPlatforms) = preSolution
		Debug|Any CPU = Debug|Any CPU
		Release|Any CPU = Release|Any CPU
	EndGlobalSection
	GlobalSection(ProjectConfigurationPlatforms) = postSolution
		{F3395275-5480-4919-9342-370AA14733C3}.Debug|Any CPU.ActiveCfg = Debug|Any CPU
		{F3395275-5480-4919-9342-370AA14733C3}.Debug|Any CPU.Build.0 = Debug|Any CPU
		{F3395275-5480-4919-9342-370AA14733C3}.Release|Any CPU.ActiveCfg = Release|Any CPU
		{F3395275-5480-4919-9342-370AA14733C3}.Release|Any CPU.Build.0 = Release|Any CPU
	EndGlobalSection
	GlobalSection(SolutionProperties) = preSolution
		HideSolutionNode = FALSE
	EndGlobalSection
	GlobalSection(ExtensibilityGlobals) = postSolution
		SolutionGuid = {96E6C688-52CA-4E41-BAE8-D1CF15EB854B}
	EndGlobalSection
EndGlobal
